
Microsoft Visual Studio Solution File, Format Version 12.00
# Visual Studio Version 16
VisualStudioVersion = 16.0.33027.164
MinimumVisualStudioVersion = 10.0.40219.1
Project("{FAE04EC0-301F-11D3-BF4B-00C04F79EFBC}") = "git_mtzkit", "git_mtzkit\git_mtzkit.csproj", "{3BF24510-10F0-44DD-BA79-4FCBD1ECBEA3}"
EndProject
Global
	GlobalSection(SolutionConfigurationPlatforms) = preSolution
		Debug|Any CPU = Debug|Any CPU
		Release|Any CPU = Release|Any CPU
	EndGlobalSection
	GlobalSection(ProjectConfigurationPlatforms) = postSolution
		{3BF24510-10F0-44DD-BA79-4FCBD1ECBEA3}.Debug|Any CPU.ActiveCfg = Debug|Any CPU
		{3BF24510-10F0-44DD-BA79-4FCBD1ECBEA3}.Debug|Any CPU.Build.0 = Debug|Any CPU
		{3BF24510-10F0-44DD-BA79-4FCBD1ECBEA3}.Release|Any CPU.ActiveCfg = Release|Any CPU
		{3BF24510-10F0-44DD-BA79-4FCBD1ECBEA3}.Release|Any CPU.Build.0 = Release|Any CPU
	EndGlobalSection
	GlobalSection(SolutionProperties) = preSolution
		HideSolutionNode = FALSE
	EndGlobalSection
	GlobalSection(ExtensibilityGlobals) = postSolution
		SolutionGuid = {D1474BDC-D9DC-4393-91BF-92932B6DAABE}
	EndGlobalSection
EndGlobal
